
Microsoft Visual Studio Solution File, Format Version 12.00
# Visual Studio Version 17
VisualStudioVersion = 17.1.32421.90
MinimumVisualStudioVersion = 10.0.40219.1
Project("{9A19103F-16F7-4668-BE54-9A1E7A4F7556}") = "pokerole-core", "pokerole-core\pokerole-core.csproj", "{D680FC67-904C-43C6-94B9-C34AB36F7D11}"
EndProject
Project("{2150E333-8FDC-42A3-9474-1A3956D46DE8}") = "Solution Items", "Solution Items", "{345AA4AD-BD08-4273-9C17-76139DB9B446}"
	ProjectSection(SolutionItems) = preProject
		.editorconfig = .editorconfig
		Directory.Build.props = Directory.Build.props
		pokerole-tools.sln.licenseheader = pokerole-tools.sln.licenseheader
	EndProjectSection
EndProject
Project("{9A19103F-16F7-4668-BE54-9A1E7A4F7556}") = "PdfHandler", "PdfHandler\PdfHandler.csproj", "{C3EA453C-4CA0-40B2-A038-CCCBE785094F}"
EndProject
Project("{9A19103F-16F7-4668-BE54-9A1E7A4F7556}") = "init-update", "init-update\init-update.csproj", "{86AE1390-54FB-4567-B34B-F5BC476D3B6E}"
EndProject
Project("{9A19103F-16F7-4668-BE54-9A1E7A4F7556}") = "WinFormsDEBUG-DexViewer", "WinFormsDEBUG-DexViewer\WinFormsDEBUG-DexViewer.csproj", "{931F119D-7104-4FA5-8BAD-BB7D740ECCE6}"
EndProject
Project("{9A19103F-16F7-4668-BE54-9A1E7A4F7556}") = "pokerole-common", "pokerole-common\pokerole-common.csproj", "{0A2BD35D-FF33-4945-BA1F-43BE13A8554B}"
EndProject
Global
	GlobalSection(SolutionConfigurationPlatforms) = preSolution
		Debug|Any CPU = Debug|Any CPU
		Release|Any CPU = Release|Any CPU
	EndGlobalSection
	GlobalSection(ProjectConfigurationPlatforms) = postSolution
		{D680FC67-904C-43C6-94B9-C34AB36F7D11}.Debug|Any CPU.ActiveCfg = Debug|Any CPU
		{D680FC67-904C-43C6-94B9-C34AB36F7D11}.Debug|Any CPU.Build.0 = Debug|Any CPU
		{D680FC67-904C-43C6-94B9-C34AB36F7D11}.Release|Any CPU.ActiveCfg = Release|Any CPU
		{D680FC67-904C-43C6-94B9-C34AB36F7D11}.Release|Any CPU.Build.0 = Release|Any CPU
		{C3EA453C-4CA0-40B2-A038-CCCBE785094F}.Debug|Any CPU.ActiveCfg = Debug|Any CPU
		{C3EA453C-4CA0-40B2-A038-CCCBE785094F}.Debug|Any CPU.Build.0 = Debug|Any CPU
		{C3EA453C-4CA0-40B2-A038-CCCBE785094F}.Release|Any CPU.ActiveCfg = Release|Any CPU
		{C3EA453C-4CA0-40B2-A038-CCCBE785094F}.Release|Any CPU.Build.0 = Release|Any CPU
		{86AE1390-54FB-4567-B34B-F5BC476D3B6E}.Debug|Any CPU.ActiveCfg = Debug|Any CPU
		{86AE1390-54FB-4567-B34B-F5BC476D3B6E}.Debug|Any CPU.Build.0 = Debug|Any CPU
		{86AE1390-54FB-4567-B34B-F5BC476D3B6E}.Release|Any CPU.ActiveCfg = Release|Any CPU
		{86AE1390-54FB-4567-B34B-F5BC476D3B6E}.Release|Any CPU.Build.0 = Release|Any CPU
		{931F119D-7104-4FA5-8BAD-BB7D740ECCE6}.Debug|Any CPU.ActiveCfg = Debug|Any CPU
		{931F119D-7104-4FA5-8BAD-BB7D740ECCE6}.Debug|Any CPU.Build.0 = Debug|Any CPU
		{931F119D-7104-4FA5-8BAD-BB7D740ECCE6}.Release|Any CPU.ActiveCfg = Release|Any CPU
		{931F119D-7104-4FA5-8BAD-BB7D740ECCE6}.Release|Any CPU.Build.0 = Release|Any CPU
		{0A2BD35D-FF33-4945-BA1F-43BE13A8554B}.Debug|Any CPU.ActiveCfg = Debug|Any CPU
		{0A2BD35D-FF33-4945-BA1F-43BE13A8554B}.Debug|Any CPU.Build.0 = Debug|Any CPU
		{0A2BD35D-FF33-4945-BA1F-43BE13A8554B}.Release|Any CPU.ActiveCfg = Release|Any CPU
		{0A2BD35D-FF33-4945-BA1F-43BE13A8554B}.Release|Any CPU.Build.0 = Release|Any CPU
	EndGlobalSection
	GlobalSection(SolutionProperties) = preSolution
		HideSolutionNode = FALSE
	EndGlobalSection
	GlobalSection(ExtensibilityGlobals) = postSolution
		SolutionGuid = {AF71CB7B-90A1-4AD6-9F1E-760282AC8D69}
	EndGlobalSection
EndGlobal
